{
  "name": "gopro-telemetry",
  "version": "0.1.0",
  "lockfileVersion": 1,
  "requires": true,
  "dependencies": {
    "@gmod/binary-parser": {
      "version": "1.3.5",
      "resolved": "https://registry.npmjs.org/@gmod/binary-parser/-/binary-parser-1.3.5.tgz",
      "integrity": "sha512-nLMMPogdATElfosg/o2eF0RihUBHNjgKxhtsT2NhKGhGtP9M8SiUSSg3/S7++tjY/1/uL1OKHQx/CvmPcatHsA==",
      "requires": {
        "long": "^4.0.0"
      }
    },
    "binary-parser": {
      "version": "1.3.2",
      "resolved": "https://registry.npmjs.org/binary-parser/-/binary-parser-1.3.2.tgz",
      "integrity": "sha512-VDhHcpeF1/ZZy1XvDmYD67bBjRNm1gacw+772xNd5BnTH6ax5TzlDV5dl7216/UlQXQoN9vug07ehk7e0PhNUw=="
    },
    "long": {
      "version": "4.0.0",
      "resolved": "https://registry.npmjs.org/long/-/long-4.0.0.tgz",
      "integrity": "sha512-XsP+KhQif4bjX1kbuSiySJFNAehNxgLb6hPRGJ9QsUr8ajHkuXGdrHmFUTUUXhDwVX2R5bY4JNZEwbUiMhV+MA=="
    }
  }
}
