{
  "name": "gopro-telemetry",
  "version": "0.1.0",
  "lockfileVersion": 1,
  "requires": true,
  "dependencies": {
    "binary-parser": {
      "version": "1.3.2",
      "resolved": "https://registry.npmjs.org/binary-parser/-/binary-parser-1.3.2.tgz",
      "integrity": "sha512-VDhHcpeF1/ZZy1XvDmYD67bBjRNm1gacw+772xNd5BnTH6ax5TzlDV5dl7216/UlQXQoN9vug07ehk7e0PhNUw=="
    }
  }
}
